// !$*UTF8*$!
{
	archiveVersion = 1;
	classes = {
	};
	objectVersion = 46;
	objects = {

/* Begin PBXBuildFile section */
		571F09881F4FB1EC00AF0A04 /* AppDelegate.swift in Sources */ = {isa = PBXBuildFile; fileRef = 571F09871F4FB1EC00AF0A04 /* AppDelegate.swift */; };
		571F098A1F4FB1EC00AF0A04 /* ViewController.swift in Sources */ = {isa = PBXBuildFile; fileRef = 571F09891F4FB1EC00AF0A04 /* ViewController.swift */; };
		571F098D1F4FB1EC00AF0A04 /* Main.storyboard in Resources */ = {isa = PBXBuildFile; fileRef = 571F098B1F4FB1EC00AF0A04 /* Main.storyboard */; };
		571F098F1F4FB1EC00AF0A04 /* Assets.xcassets in Resources */ = {isa = PBXBuildFile; fileRef = 571F098E1F4FB1EC00AF0A04 /* Assets.xcassets */; };
		571F09921F4FB1EC00AF0A04 /* LaunchScreen.storyboard in Resources */ = {isa = PBXBuildFile; fileRef = 571F09901F4FB1EC00AF0A04 /* LaunchScreen.storyboard */; };
		571F099A1F4FB2EE00AF0A04 /* CustomTableViewCell.swift in Sources */ = {isa = PBXBuildFile; fileRef = 571F09991F4FB2EE00AF0A04 /* CustomTableViewCell.swift */; };
		571F099C1F4FB70C00AF0A04 /* Weather.swift in Sources */ = {isa = PBXBuildFile; fileRef = 571F099B1F4FB70C00AF0A04 /* Weather.swift */; };
/* End PBXBuildFile section */

/* Begin PBXFileReference section */
		571F09841F4FB1EC00AF0A04 /* Weather App.app */ = {isa = PBXFileReference; explicitFileType = wrapper.application; includeInIndex = 0; path = "Weather App.app"; sourceTree = BUILT_PRODUCTS_DIR; };
		571F09871F4FB1EC00AF0A04 /* AppDelegate.swift */ = {isa = PBXFileReference; lastKnownFileType = sourcecode.swift; path = AppDelegate.swift; sourceTree = "<group>"; };
		571F09891F4FB1EC00AF0A04 /* ViewController.swift */ = {isa = PBXFileReference; lastKnownFileType = sourcecode.swift; path = ViewController.swift; sourceTree = "<group>"; };
		571F098C1F4FB1EC00AF0A04 /* Base */ = {isa = PBXFileReference; lastKnownFileType = file.storyboard; name = Base; path = Base.lproj/Main.storyboard; sourceTree = "<group>"; };
		571F098E1F4FB1EC00AF0A04 /* Assets.xcassets */ = {isa = PBXFileReference; lastKnownFileType = folder.assetcatalog; path = Assets.xcassets; sourceTree = "<group>"; };
		571F09911F4FB1EC00AF0A04 /* Base */ = {isa = PBXFileReference; lastKnownFileType = file.storyboard; name = Base; path = Base.lproj/LaunchScreen.storyboard; sourceTree = "<group>"; };
		571F09931F4FB1EC00AF0A04 /* Info.plist */ = {isa = PBXFileReference; lastKnownFileType = text.plist.xml; path = Info.plist; sourceTree = "<group>"; };
		571F09991F4FB2EE00AF0A04 /* CustomTableViewCell.swift */ = {isa = PBXFileReference; fileEncoding = 4; lastKnownFileType = sourcecode.swift; path = CustomTableViewCell.swift; sourceTree = "<group>"; };
		571F099B1F4FB70C00AF0A04 /* Weather.swift */ = {isa = PBXFileReference; fileEncoding = 4; lastKnownFileType = sourcecode.swift; path = Weather.swift; sourceTree = "<group>"; };
/* End PBXFileReference section */

/* Begin PBXFrameworksBuildPhase section */
		571F09811F4FB1EC00AF0A04 /* Frameworks */ = {
			isa = PBXFrameworksBuildPhase;
			buildActionMask = 2147483647;
			files = (
			);
			runOnlyForDeploymentPostprocessing = 0;
		};
/* End PBXFrameworksBuildPhase section */

/* Begin PBXGroup section */
		571F097B1F4FB1EC00AF0A04 = {
			isa = PBXGroup;
			children = (
				571F09861F4FB1EC00AF0A04 /* Weather App */,
				571F09851F4FB1EC00AF0A04 /* Products */,
			);
			sourceTree = "<group>";
		};
		571F09851F4FB1EC00AF0A04 /* Products */ = {
			isa = PBXGroup;
			children = (
				571F09841F4FB1EC00AF0A04 /* Weather App.app */,
			);
			name = Products;
			sourceTree = "<group>";
		};
		571F09861F4FB1EC00AF0A04 /* Weather App */ = {
			isa = PBXGroup;
			children = (
				571F09871F4FB1EC00AF0A04 /* AppDelegate.swift */,
				571F09891F4FB1EC00AF0A04 /* ViewController.swift */,
				571F098B1F4FB1EC00AF0A04 /* Main.storyboard */,
				571F09991F4FB2EE00AF0A04 /* CustomTableViewCell.swift */,
				571F098E1F4FB1EC00AF0A04 /* Assets.xcassets */,
				571F09901F4FB1EC00AF0A04 /* LaunchScreen.storyboard */,
				571F09931F4FB1EC00AF0A04 /* Info.plist */,
				571F099B1F4FB70C00AF0A04 /* Weather.swift */,
			);
			path = "Weather App";
			sourceTree = "<group>";
		};
/* End PBXGroup section */

/* Begin PBXNativeTarget section */
		571F09831F4FB1EC00AF0A04 /* Weather App */ = {
			isa = PBXNativeTarget;
			buildConfigurationList = 571F09961F4FB1EC00AF0A04 /* Build configuration list for PBXNativeTarget "Weather App" */;
			buildPhases = (
				571F09801F4FB1EC00AF0A04 /* Sources */,
				571F09811F4FB1EC00AF0A04 /* Frameworks */,
				571F09821F4FB1EC00AF0A04 /* Resources */,
			);
			buildRules = (
			);
			dependencies = (
			);
			name = "Weather App";
			productName = "Weather App";
			productReference = 571F09841F4FB1EC00AF0A04 /* Weather App.app */;
			productType = "com.apple.product-type.application";
		};
/* End PBXNativeTarget section */

/* Begin PBXProject section */
		571F097C1F4FB1EC00AF0A04 /* Project object */ = {
			isa = PBXProject;
			attributes = {
				LastSwiftUpdateCheck = 0830;
				LastUpgradeCheck = 0830;
				ORGANIZATIONNAME = "iTrain Asia Pte Ltd";
				TargetAttributes = {
					571F09831F4FB1EC00AF0A04 = {
						CreatedOnToolsVersion = 8.3.3;
						ProvisioningStyle = Automatic;
					};
				};
			};
			buildConfigurationList = 571F097F1F4FB1EC00AF0A04 /* Build configuration list for PBXProject "Weather App" */;
			compatibilityVersion = "Xcode 3.2";
			developmentRegion = English;
			hasScannedForEncodings = 0;
			knownRegions = (
				en,
				Base,
			);
			mainGroup = 571F097B1F4FB1EC00AF0A04;
			productRefGroup = 571F09851F4FB1EC00AF0A04 /* Products */;
			projectDirPath = "";
			projectRoot = "";
			targets = (
				571F09831F4FB1EC00AF0A04 /* Weather App */,
			);
		};
/* End PBXProject section */

/* Begin PBXResourcesBuildPhase section */
		571F09821F4FB1EC00AF0A04 /* Resources */ = {
			isa = PBXResourcesBuildPhase;
			buildActionMask = 2147483647;
			files = (
				571F09921F4FB1EC00AF0A04 /* LaunchScreen.storyboard in Resources */,
				571F098F1F4FB1EC00AF0A04 /* Assets.xcassets in Resources */,
				571F098D1F4FB1EC00AF0A04 /* Main.storyboard in Resources */,
			);
			runOnlyForDeploymentPostprocessing = 0;
		};
/* End PBXResourcesBuildPhase section */

/* Begin PBXSourcesBuildPhase section */
		571F09801F4FB1EC00AF0A04 /* Sources */ = {
			isa = PBXSourcesBuildPhase;
			buildActionMask = 2147483647;
			files = (
				571F099C1F4FB70C00AF0A04 /* Weather.swift in Sources */,
				571F099A1F4FB2EE00AF0A04 /* CustomTableViewCell.swift in Sources */,
				571F098A1F4FB1EC00AF0A04 /* ViewController.swift in Sources */,
				571F09881F4FB1EC00AF0A04 /* AppDelegate.swift in Sources */,
			);
			runOnlyForDeploymentPostprocessing = 0;
		};
/* End PBXSourcesBuildPhase section */

/* Begin PBXVariantGroup section */
		571F098B1F4FB1EC00AF0A04 /* Main.storyboard */ = {
			isa = PBXVariantGroup;
			children = (
				571F098C1F4FB1EC00AF0A04 /* Base */,
			);
			name = Main.storyboard;
			sourceTree = "<group>";
		};
		571F09901F4FB1EC00AF0A04 /* LaunchScreen.storyboard */ = {
			isa = PBXVariantGroup;
			children = (
				571F09911F4FB1EC00AF0A04 /* Base */,
			);
			name = LaunchScreen.storyboard;
			sourceTree = "<group>";
		};
/* End PBXVariantGroup section */

/* Begin XCBuildConfiguration section */
		571F09941F4FB1EC00AF0A04 /* Debug */ = {
			isa = XCBuildConfiguration;
			buildSettings = {
				ALWAYS_SEARCH_USER_PATHS = NO;
				CLANG_ANALYZER_NONNULL = YES;
				CLANG_ANALYZER_NUMBER_OBJECT_CONVERSION = YES_AGGRESSIVE;
				CLANG_CXX_LANGUAGE_STANDARD = "gnu++0x";
				CLANG_CXX_LIBRARY = "libc++";
				CLANG_ENABLE_MODULES = YES;
				CLANG_ENABLE_OBJC_ARC = YES;
				CLANG_WARN_BOOL_CONVERSION = YES;
				CLANG_WARN_CONSTANT_CONVERSION = YES;
				CLANG_WARN_DIRECT_OBJC_ISA_USAGE = YES_ERROR;
				CLANG_WARN_DOCUMENTATION_COMMENTS = YES;
				CLANG_WARN_EMPTY_BODY = YES;
				CLANG_WARN_ENUM_CONVERSION = YES;
				CLANG_WARN_INFINITE_RECURSION = YES;
				CLANG_WARN_INT_CONVERSION = YES;
				CLANG_WARN_OBJC_ROOT_CLASS = YES_ERROR;
				CLANG_WARN_SUSPICIOUS_MOVE = YES;
				CLANG_WARN_UNREACHABLE_CODE = YES;
				CLANG_WARN__DUPLICATE_METHOD_MATCH = YES;
				"CODE_SIGN_IDENTITY[sdk=iphoneos*]" = "iPhone Developer";
				COPY_PHASE_STRIP = NO;
				DEBUG_INFORMATION_FORMAT = dwarf;
				ENABLE_STRICT_OBJC_MSGSEND = YES;
				ENABLE_TESTABILITY = YES;
				GCC_C_LANGUAGE_STANDARD = gnu99;
				GCC_DYNAMIC_NO_PIC = NO;
				GCC_NO_COMMON_BLOCKS = YES;
				GCC_OPTIMIZATION_LEVEL = 0;
				GCC_PREPROCESSOR_DEFINITIONS = (
					"DEBUG=1",
					"$(inherited)",
				);
				GCC_WARN_64_TO_32_BIT_CONVERSION = YES;
				GCC_WARN_ABOUT_RETURN_TYPE = YES_ERROR;
				GCC_WARN_UNDECLARED_SELECTOR = YES;
				GCC_WARN_UNINITIALIZED_AUTOS = YES_AGGRESSIVE;
				GCC_WARN_UNUSED_FUNCTION = YES;
				GCC_WARN_UNUSED_VARIABLE = YES;
				IPHONEOS_DEPLOYMENT_TARGET = 10.3;
				MTL_ENABLE_DEBUG_INFO = YES;
				ONLY_ACTIVE_ARCH = YES;
				SDKROOT = iphoneos;
				SWIFT_ACTIVE_COMPILATION_CONDITIONS = DEBUG;
				SWIFT_OPTIMIZATION_LEVEL = "-Onone";
			};
			name = Debug;
		};
		571F09951F4FB1EC00AF0A04 /* Release */ = {
			isa = XCBuildConfiguration;
			buildSettings = {
				ALWAYS_SEARCH_USER_PATHS = NO;
				CLANG_ANALYZER_NONNULL = YES;
				CLANG_ANALYZER_NUMBER_OBJECT_CONVERSION = YES_AGGRESSIVE;
				CLANG_CXX_LANGUAGE_STANDARD = "gnu++0x";
				CLANG_CXX_LIBRARY = "libc++";
				CLANG_ENABLE_MODULES = YES;
				CLANG_ENABLE_OBJC_ARC = YES;
				CLANG_WARN_BOOL_CONVERSION = YES;
				CLANG_WARN_CONSTANT_CONVERSION = YES;
				CLANG_WARN_DIRECT_OBJC_ISA_USAGE = YES_ERROR;
				CLANG_WARN_DOCUMENTATION_COMMENTS = YES;
				CLANG_WARN_EMPTY_BODY = YES;
				CLANG_WARN_ENUM_CONVERSION = YES;
				CLANG_WARN_INFINITE_RECURSION = YES;
				CLANG_WARN_INT_CONVERSION = YES;
				CLANG_WARN_OBJC_ROOT_CLASS = YES_ERROR;
				CLANG_WARN_SUSPICIOUS_MOVE = YES;
				CLANG_WARN_UNREACHABLE_CODE = YES;
				CLANG_WARN__DUPLICATE_METHOD_MATCH = YES;
				"CODE_SIGN_IDENTITY[sdk=iphoneos*]" = "iPhone Developer";
				COPY_PHASE_STRIP = NO;
				DEBUG_INFORMATION_FORMAT = "dwarf-with-dsym";
				ENABLE_NS_ASSERTIONS = NO;
				ENABLE_STRICT_OBJC_MSGSEND = YES;
				GCC_C_LANGUAGE_STANDARD = gnu99;
				GCC_NO_COMMON_BLOCKS = YES;
				GCC_WARN_64_TO_32_BIT_CONVERSION = YES;
				GCC_WARN_ABOUT_RETURN_TYPE = YES_ERROR;
				GCC_WARN_UNDECLARED_SELECTOR = YES;
				GCC_WARN_UNINITIALIZED_AUTOS = YES_AGGRESSIVE;
				GCC_WARN_UNUSED_FUNCTION = YES;
				GCC_WARN_UNUSED_VARIABLE = YES;
				IPHONEOS_DEPLOYMENT_TARGET = 10.3;
				MTL_ENABLE_DEBUG_INFO = NO;
				SDKROOT = iphoneos;
				SWIFT_OPTIMIZATION_LEVEL = "-Owholemodule";
				VALIDATE_PRODUCT = YES;
			};
			name = Release;
		};
		571F09971F4FB1EC00AF0A04 /* Debug */ = {
			isa = XCBuildConfiguration;
			buildSettings = {
				ASSETCATALOG_COMPILER_APPICON_NAME = AppIcon;
				INFOPLIST_FILE = "Weather App/Info.plist";
				LD_RUNPATH_SEARCH_PATHS = "$(inherited) @executable_path/Frameworks";
				PRODUCT_BUNDLE_IDENTIFIER = "com.itrainasia.Weather-App";
				PRODUCT_NAME = "$(TARGET_NAME)";
				SWIFT_VERSION = 3.0;
			};
			name = Debug;
		};
		571F09981F4FB1EC00AF0A04 /* Release */ = {
			isa = XCBuildConfiguration;
			buildSettings = {
				ASSETCATALOG_COMPILER_APPICON_NAME = AppIcon;
				INFOPLIST_FILE = "Weather App/Info.plist";
				LD_RUNPATH_SEARCH_PATHS = "$(inherited) @executable_path/Frameworks";
				PRODUCT_BUNDLE_IDENTIFIER = "com.itrainasia.Weather-App";
				PRODUCT_NAME = "$(TARGET_NAME)";
				SWIFT_VERSION = 3.0;
			};
			name = Release;
		};
/* End XCBuildConfiguration section */

/* Begin XCConfigurationList section */
		571F097F1F4FB1EC00AF0A04 /* Build configuration list for PBXProject "Weather App" */ = {
			isa = XCConfigurationList;
			buildConfigurations = (
				571F09941F4FB1EC00AF0A04 /* Debug */,
				571F09951F4FB1EC00AF0A04 /* Release */,
			);
			defaultConfigurationIsVisible = 0;
			defaultConfigurationName = Release;
		};
		571F09961F4FB1EC00AF0A04 /* Build configuration list for PBXNativeTarget "Weather App" */ = {
			isa = XCConfigurationList;
			buildConfigurations = (
				571F09971F4FB1EC00AF0A04 /* Debug */,
				571F09981F4FB1EC00AF0A04 /* Release */,
			);
			defaultConfigurationIsVisible = 0;
		};
/* End XCConfigurationList section */
	};
	rootObject = 571F097C1F4FB1EC00AF0A04 /* Project object */;
}
